// !$*UTF8*$!
{
	archiveVersion = 1;
	classes = {
	};
	objectVersion = 50;
	objects = {

/* Begin PBXBuildFile section */
		203CCF282091236600616EF2 /* AppDelegate.swift in Sources */ = {isa = PBXBuildFile; fileRef = 203CCF272091236600616EF2 /* AppDelegate.swift */; };
		203CCF2A2091236600616EF2 /* SignInViewController.swift in Sources */ = {isa = PBXBuildFile; fileRef = 203CCF292091236600616EF2 /* SignInViewController.swift */; };
		203CCF302091236600616EF2 /* CURent.xcdatamodeld in Sources */ = {isa = PBXBuildFile; fileRef = 203CCF2E2091236600616EF2 /* CURent.xcdatamodeld */; };
		203CCF322091236700616EF2 /* Assets.xcassets in Resources */ = {isa = PBXBuildFile; fileRef = 203CCF312091236700616EF2 /* Assets.xcassets */; };
		203CCF352091236700616EF2 /* LaunchScreen.storyboard in Resources */ = {isa = PBXBuildFile; fileRef = 203CCF332091236700616EF2 /* LaunchScreen.storyboard */; };
		203CCF3D2091931E00616EF2 /* BrowserViewController.swift in Sources */ = {isa = PBXBuildFile; fileRef = 203CCF3C2091931E00616EF2 /* BrowserViewController.swift */; };
		5B4F7A8AFDAF4A3BCDD1465E /* Pods_CURent.framework in Frameworks */ = {isa = PBXBuildFile; fileRef = 810224C4754021B01FA61915 /* Pods_CURent.framework */; };
/* End PBXBuildFile section */

/* Begin PBXFileReference section */
		203CCF242091236600616EF2 /* CURent.app */ = {isa = PBXFileReference; explicitFileType = wrapper.application; includeInIndex = 0; path = CURent.app; sourceTree = BUILT_PRODUCTS_DIR; };
		203CCF272091236600616EF2 /* AppDelegate.swift */ = {isa = PBXFileReference; lastKnownFileType = sourcecode.swift; path = AppDelegate.swift; sourceTree = "<group>"; };
		203CCF292091236600616EF2 /* SignInViewController.swift */ = {isa = PBXFileReference; lastKnownFileType = sourcecode.swift; path = SignInViewController.swift; sourceTree = "<group>"; };
		203CCF2F2091236600616EF2 /* CURent.xcdatamodel */ = {isa = PBXFileReference; lastKnownFileType = wrapper.xcdatamodel; path = CURent.xcdatamodel; sourceTree = "<group>"; };
		203CCF312091236700616EF2 /* Assets.xcassets */ = {isa = PBXFileReference; lastKnownFileType = folder.assetcatalog; path = Assets.xcassets; sourceTree = "<group>"; };
		203CCF342091236700616EF2 /* Base */ = {isa = PBXFileReference; lastKnownFileType = file.storyboard; name = Base; path = Base.lproj/LaunchScreen.storyboard; sourceTree = "<group>"; };
		203CCF362091236700616EF2 /* Info.plist */ = {isa = PBXFileReference; lastKnownFileType = text.plist.xml; path = Info.plist; sourceTree = "<group>"; };
		203CCF3C2091931E00616EF2 /* BrowserViewController.swift */ = {isa = PBXFileReference; lastKnownFileType = sourcecode.swift; path = BrowserViewController.swift; sourceTree = "<group>"; };
		810224C4754021B01FA61915 /* Pods_CURent.framework */ = {isa = PBXFileReference; explicitFileType = wrapper.framework; includeInIndex = 0; path = Pods_CURent.framework; sourceTree = BUILT_PRODUCTS_DIR; };
		995C42D1ACC622DF0BD95724 /* Pods-CURent.release.xcconfig */ = {isa = PBXFileReference; includeInIndex = 1; lastKnownFileType = text.xcconfig; name = "Pods-CURent.release.xcconfig"; path = "Pods/Target Support Files/Pods-CURent/Pods-CURent.release.xcconfig"; sourceTree = "<group>"; };
		A931C626B481AC49F38AE364 /* Pods-CURent.debug.xcconfig */ = {isa = PBXFileReference; includeInIndex = 1; lastKnownFileType = text.xcconfig; name = "Pods-CURent.debug.xcconfig"; path = "Pods/Target Support Files/Pods-CURent/Pods-CURent.debug.xcconfig"; sourceTree = "<group>"; };
/* End PBXFileReference section */

/* Begin PBXFrameworksBuildPhase section */
		203CCF212091236600616EF2 /* Frameworks */ = {
			isa = PBXFrameworksBuildPhase;
			buildActionMask = 2147483647;
			files = (
				5B4F7A8AFDAF4A3BCDD1465E /* Pods_CURent.framework in Frameworks */,
			);
			runOnlyForDeploymentPostprocessing = 0;
		};
/* End PBXFrameworksBuildPhase section */

/* Begin PBXGroup section */
		203CCF1B2091236500616EF2 = {
			isa = PBXGroup;
			children = (
				203CCF262091236600616EF2 /* CURent */,
				203CCF252091236600616EF2 /* Products */,
				7BE29587C9842885B98D4EFB /* Pods */,
				5FBBE770DCC5A55956DD113E /* Frameworks */,
			);
			sourceTree = "<group>";
		};
		203CCF252091236600616EF2 /* Products */ = {
			isa = PBXGroup;
			children = (
				203CCF242091236600616EF2 /* CURent.app */,
			);
			name = Products;
			sourceTree = "<group>";
		};
		203CCF262091236600616EF2 /* CURent */ = {
			isa = PBXGroup;
			children = (
				203CCF272091236600616EF2 /* AppDelegate.swift */,
				203CCF3C2091931E00616EF2 /* BrowserViewController.swift */,
				203CCF292091236600616EF2 /* SignInViewController.swift */,
				203CCF312091236700616EF2 /* Assets.xcassets */,
				203CCF332091236700616EF2 /* LaunchScreen.storyboard */,
				203CCF362091236700616EF2 /* Info.plist */,
				203CCF2E2091236600616EF2 /* CURent.xcdatamodeld */,
			);
			path = CURent;
			sourceTree = "<group>";
		};
		5FBBE770DCC5A55956DD113E /* Frameworks */ = {
			isa = PBXGroup;
			children = (
				810224C4754021B01FA61915 /* Pods_CURent.framework */,
			);
			name = Frameworks;
			sourceTree = "<group>";
		};
		7BE29587C9842885B98D4EFB /* Pods */ = {
			isa = PBXGroup;
			children = (
				A931C626B481AC49F38AE364 /* Pods-CURent.debug.xcconfig */,
				995C42D1ACC622DF0BD95724 /* Pods-CURent.release.xcconfig */,
			);
			name = Pods;
			sourceTree = "<group>";
		};
/* End PBXGroup section */

/* Begin PBXNativeTarget section */
		203CCF232091236600616EF2 /* CURent */ = {
			isa = PBXNativeTarget;
			buildConfigurationList = 203CCF392091236700616EF2 /* Build configuration list for PBXNativeTarget "CURent" */;
			buildPhases = (
				FE8923B696EDE1B3B7BECDD3 /* [CP] Check Pods Manifest.lock */,
				203CCF202091236600616EF2 /* Sources */,
				203CCF212091236600616EF2 /* Frameworks */,
				203CCF222091236600616EF2 /* Resources */,
				D0005035A79F3C75B5CB202E /* [CP] Embed Pods Frameworks */,
				AEFC1CBBB62CB017DFC6FFE5 /* [CP] Copy Pods Resources */,
			);
			buildRules = (
			);
			dependencies = (
			);
			name = CURent;
			productName = CURent;
			productReference = 203CCF242091236600616EF2 /* CURent.app */;
			productType = "com.apple.product-type.application";
		};
/* End PBXNativeTarget section */

/* Begin PBXProject section */
		203CCF1C2091236500616EF2 /* Project object */ = {
			isa = PBXProject;
			attributes = {
				LastSwiftUpdateCheck = 0930;
				LastUpgradeCheck = 0930;
				ORGANIZATIONNAME = CURent;
				TargetAttributes = {
					203CCF232091236600616EF2 = {
						CreatedOnToolsVersion = 9.3;
					};
				};
			};
			buildConfigurationList = 203CCF1F2091236500616EF2 /* Build configuration list for PBXProject "CURent" */;
			compatibilityVersion = "Xcode 9.3";
			developmentRegion = en;
			hasScannedForEncodings = 0;
			knownRegions = (
				en,
				Base,
			);
			mainGroup = 203CCF1B2091236500616EF2;
			productRefGroup = 203CCF252091236600616EF2 /* Products */;
			projectDirPath = "";
			projectRoot = "";
			targets = (
				203CCF232091236600616EF2 /* CURent */,
			);
		};
/* End PBXProject section */

/* Begin PBXResourcesBuildPhase section */
		203CCF222091236600616EF2 /* Resources */ = {
			isa = PBXResourcesBuildPhase;
			buildActionMask = 2147483647;
			files = (
				203CCF352091236700616EF2 /* LaunchScreen.storyboard in Resources */,
				203CCF322091236700616EF2 /* Assets.xcassets in Resources */,
			);
			runOnlyForDeploymentPostprocessing = 0;
		};
/* End PBXResourcesBuildPhase section */

/* Begin PBXShellScriptBuildPhase section */
		AEFC1CBBB62CB017DFC6FFE5 /* [CP] Copy Pods Resources */ = {
			isa = PBXShellScriptBuildPhase;
			buildActionMask = 2147483647;
			files = (
			);
			inputPaths = (
				"${SRCROOT}/Pods/Target Support Files/Pods-CURent/Pods-CURent-resources.sh",
				"${PODS_ROOT}/GoogleSignIn/Resources/GoogleSignIn.bundle",
			);
			name = "[CP] Copy Pods Resources";
			outputPaths = (
				"${TARGET_BUILD_DIR}/${UNLOCALIZED_RESOURCES_FOLDER_PATH}/GoogleSignIn.bundle",
			);
			runOnlyForDeploymentPostprocessing = 0;
			shellPath = /bin/sh;
			shellScript = "\"${SRCROOT}/Pods/Target Support Files/Pods-CURent/Pods-CURent-resources.sh\"\n";
			showEnvVarsInLog = 0;
		};
		D0005035A79F3C75B5CB202E /* [CP] Embed Pods Frameworks */ = {
			isa = PBXShellScriptBuildPhase;
			buildActionMask = 2147483647;
			files = (
			);
			inputPaths = (
				"${SRCROOT}/Pods/Target Support Files/Pods-CURent/Pods-CURent-frameworks.sh",
				"${BUILT_PRODUCTS_DIR}/Alamofire/Alamofire.framework",
				"${BUILT_PRODUCTS_DIR}/ChameleonFramework/ChameleonFramework.framework",
				"${BUILT_PRODUCTS_DIR}/GTMOAuth2/GTMOAuth2.framework",
				"${BUILT_PRODUCTS_DIR}/GTMSessionFetcher/GTMSessionFetcher.framework",
				"${BUILT_PRODUCTS_DIR}/GoogleToolboxForMac/GoogleToolboxForMac.framework",
				"${BUILT_PRODUCTS_DIR}/SwiftyJSON/SwiftyJSON.framework",
			);
			name = "[CP] Embed Pods Frameworks";
			outputPaths = (
				"${TARGET_BUILD_DIR}/${FRAMEWORKS_FOLDER_PATH}/Alamofire.framework",
				"${TARGET_BUILD_DIR}/${FRAMEWORKS_FOLDER_PATH}/ChameleonFramework.framework",
				"${TARGET_BUILD_DIR}/${FRAMEWORKS_FOLDER_PATH}/GTMOAuth2.framework",
				"${TARGET_BUILD_DIR}/${FRAMEWORKS_FOLDER_PATH}/GTMSessionFetcher.framework",
				"${TARGET_BUILD_DIR}/${FRAMEWORKS_FOLDER_PATH}/GoogleToolboxForMac.framework",
				"${TARGET_BUILD_DIR}/${FRAMEWORKS_FOLDER_PATH}/SwiftyJSON.framework",
			);
			runOnlyForDeploymentPostprocessing = 0;
			shellPath = /bin/sh;
			shellScript = "\"${SRCROOT}/Pods/Target Support Files/Pods-CURent/Pods-CURent-frameworks.sh\"\n";
			showEnvVarsInLog = 0;
		};
		FE8923B696EDE1B3B7BECDD3 /* [CP] Check Pods Manifest.lock */ = {
			isa = PBXShellScriptBuildPhase;
			buildActionMask = 2147483647;
			files = (
			);
			inputPaths = (
				"${PODS_PODFILE_DIR_PATH}/Podfile.lock",
				"${PODS_ROOT}/Manifest.lock",
			);
			name = "[CP] Check Pods Manifest.lock";
			outputPaths = (
				"$(DERIVED_FILE_DIR)/Pods-CURent-checkManifestLockResult.txt",
			);
			runOnlyForDeploymentPostprocessing = 0;
			shellPath = /bin/sh;
			shellScript = "diff \"${PODS_PODFILE_DIR_PATH}/Podfile.lock\" \"${PODS_ROOT}/Manifest.lock\" > /dev/null\nif [ $? != 0 ] ; then\n    # print error to STDERR\n    echo \"error: The sandbox is not in sync with the Podfile.lock. Run 'pod install' or update your CocoaPods installation.\" >&2\n    exit 1\nfi\n# This output is used by Xcode 'outputs' to avoid re-running this script phase.\necho \"SUCCESS\" > \"${SCRIPT_OUTPUT_FILE_0}\"\n";
			showEnvVarsInLog = 0;
		};
/* End PBXShellScriptBuildPhase section */

/* Begin PBXSourcesBuildPhase section */
		203CCF202091236600616EF2 /* Sources */ = {
			isa = PBXSourcesBuildPhase;
			buildActionMask = 2147483647;
			files = (
				203CCF302091236600616EF2 /* CURent.xcdatamodeld in Sources */,
				203CCF3D2091931E00616EF2 /* BrowserViewController.swift in Sources */,
				203CCF2A2091236600616EF2 /* SignInViewController.swift in Sources */,
				203CCF282091236600616EF2 /* AppDelegate.swift in Sources */,
			);
			runOnlyForDeploymentPostprocessing = 0;
		};
/* End PBXSourcesBuildPhase section */

/* Begin PBXVariantGroup section */
		203CCF332091236700616EF2 /* LaunchScreen.storyboard */ = {
			isa = PBXVariantGroup;
			children = (
				203CCF342091236700616EF2 /* Base */,
			);
			name = LaunchScreen.storyboard;
			sourceTree = "<group>";
		};
/* End PBXVariantGroup section */

/* Begin XCBuildConfiguration section */
		203CCF372091236700616EF2 /* Debug */ = {
			isa = XCBuildConfiguration;
			buildSettings = {
				ALWAYS_SEARCH_USER_PATHS = NO;
				CLANG_ANALYZER_NONNULL = YES;
				CLANG_ANALYZER_NUMBER_OBJECT_CONVERSION = YES_AGGRESSIVE;
				CLANG_CXX_LANGUAGE_STANDARD = "gnu++14";
				CLANG_CXX_LIBRARY = "libc++";
				CLANG_ENABLE_MODULES = YES;
				CLANG_ENABLE_OBJC_ARC = YES;
				CLANG_ENABLE_OBJC_WEAK = YES;
				CLANG_WARN_BLOCK_CAPTURE_AUTORELEASING = YES;
				CLANG_WARN_BOOL_CONVERSION = YES;
				CLANG_WARN_COMMA = YES;
				CLANG_WARN_CONSTANT_CONVERSION = YES;
				CLANG_WARN_DEPRECATED_OBJC_IMPLEMENTATIONS = YES;
				CLANG_WARN_DIRECT_OBJC_ISA_USAGE = YES_ERROR;
				CLANG_WARN_DOCUMENTATION_COMMENTS = YES;
				CLANG_WARN_EMPTY_BODY = YES;
				CLANG_WARN_ENUM_CONVERSION = YES;
				CLANG_WARN_INFINITE_RECURSION = YES;
				CLANG_WARN_INT_CONVERSION = YES;
				CLANG_WARN_NON_LITERAL_NULL_CONVERSION = YES;
				CLANG_WARN_OBJC_IMPLICIT_RETAIN_SELF = YES;
				CLANG_WARN_OBJC_LITERAL_CONVERSION = YES;
				CLANG_WARN_OBJC_ROOT_CLASS = YES_ERROR;
				CLANG_WARN_RANGE_LOOP_ANALYSIS = YES;
				CLANG_WARN_STRICT_PROTOTYPES = YES;
				CLANG_WARN_SUSPICIOUS_MOVE = YES;
				CLANG_WARN_UNGUARDED_AVAILABILITY = YES_AGGRESSIVE;
				CLANG_WARN_UNREACHABLE_CODE = YES;
				CLANG_WARN__DUPLICATE_METHOD_MATCH = YES;
				CODE_SIGN_IDENTITY = "iPhone Developer";
				COPY_PHASE_STRIP = NO;
				DEBUG_INFORMATION_FORMAT = dwarf;
				ENABLE_STRICT_OBJC_MSGSEND = YES;
				ENABLE_TESTABILITY = YES;
				GCC_C_LANGUAGE_STANDARD = gnu11;
				GCC_DYNAMIC_NO_PIC = NO;
				GCC_NO_COMMON_BLOCKS = YES;
				GCC_OPTIMIZATION_LEVEL = 0;
				GCC_PREPROCESSOR_DEFINITIONS = (
					"DEBUG=1",
					"$(inherited)",
				);
				GCC_WARN_64_TO_32_BIT_CONVERSION = YES;
				GCC_WARN_ABOUT_RETURN_TYPE = YES_ERROR;
				GCC_WARN_UNDECLARED_SELECTOR = YES;
				GCC_WARN_UNINITIALIZED_AUTOS = YES_AGGRESSIVE;
				GCC_WARN_UNUSED_FUNCTION = YES;
				GCC_WARN_UNUSED_VARIABLE = YES;
				IPHONEOS_DEPLOYMENT_TARGET = 11.3;
				MTL_ENABLE_DEBUG_INFO = YES;
				ONLY_ACTIVE_ARCH = YES;
				SDKROOT = iphoneos;
				SWIFT_ACTIVE_COMPILATION_CONDITIONS = DEBUG;
				SWIFT_OPTIMIZATION_LEVEL = "-Onone";
			};
			name = Debug;
		};
		203CCF382091236700616EF2 /* Release */ = {
			isa = XCBuildConfiguration;
			buildSettings = {
				ALWAYS_SEARCH_USER_PATHS = NO;
				CLANG_ANALYZER_NONNULL = YES;
				CLANG_ANALYZER_NUMBER_OBJECT_CONVERSION = YES_AGGRESSIVE;
				CLANG_CXX_LANGUAGE_STANDARD = "gnu++14";
				CLANG_CXX_LIBRARY = "libc++";
				CLANG_ENABLE_MODULES = YES;
				CLANG_ENABLE_OBJC_ARC = YES;
				CLANG_ENABLE_OBJC_WEAK = YES;
				CLANG_WARN_BLOCK_CAPTURE_AUTORELEASING = YES;
				CLANG_WARN_BOOL_CONVERSION = YES;
				CLANG_WARN_COMMA = YES;
				CLANG_WARN_CONSTANT_CONVERSION = YES;
				CLANG_WARN_DEPRECATED_OBJC_IMPLEMENTATIONS = YES;
				CLANG_WARN_DIRECT_OBJC_ISA_USAGE = YES_ERROR;
				CLANG_WARN_DOCUMENTATION_COMMENTS = YES;
				CLANG_WARN_EMPTY_BODY = YES;
				CLANG_WARN_ENUM_CONVERSION = YES;
				CLANG_WARN_INFINITE_RECURSION = YES;
				CLANG_WARN_INT_CONVERSION = YES;
				CLANG_WARN_NON_LITERAL_NULL_CONVERSION = YES;
				CLANG_WARN_OBJC_IMPLICIT_RETAIN_SELF = YES;
				CLANG_WARN_OBJC_LITERAL_CONVERSION = YES;
				CLANG_WARN_OBJC_ROOT_CLASS = YES_ERROR;
				CLANG_WARN_RANGE_LOOP_ANALYSIS = YES;
				CLANG_WARN_STRICT_PROTOTYPES = YES;
				CLANG_WARN_SUSPICIOUS_MOVE = YES;
				CLANG_WARN_UNGUARDED_AVAILABILITY = YES_AGGRESSIVE;
				CLANG_WARN_UNREACHABLE_CODE = YES;
				CLANG_WARN__DUPLICATE_METHOD_MATCH = YES;
				CODE_SIGN_IDENTITY = "iPhone Developer";
				COPY_PHASE_STRIP = NO;
				DEBUG_INFORMATION_FORMAT = "dwarf-with-dsym";
				ENABLE_NS_ASSERTIONS = NO;
				ENABLE_STRICT_OBJC_MSGSEND = YES;
				GCC_C_LANGUAGE_STANDARD = gnu11;
				GCC_NO_COMMON_BLOCKS = YES;
				GCC_WARN_64_TO_32_BIT_CONVERSION = YES;
				GCC_WARN_ABOUT_RETURN_TYPE = YES_ERROR;
				GCC_WARN_UNDECLARED_SELECTOR = YES;
				GCC_WARN_UNINITIALIZED_AUTOS = YES_AGGRESSIVE;
				GCC_WARN_UNUSED_FUNCTION = YES;
				GCC_WARN_UNUSED_VARIABLE = YES;
				IPHONEOS_DEPLOYMENT_TARGET = 11.3;
				MTL_ENABLE_DEBUG_INFO = NO;
				SDKROOT = iphoneos;
				SWIFT_COMPILATION_MODE = wholemodule;
				SWIFT_OPTIMIZATION_LEVEL = "-O";
				VALIDATE_PRODUCT = YES;
			};
			name = Release;
		};
		203CCF3A2091236700616EF2 /* Debug */ = {
			isa = XCBuildConfiguration;
			baseConfigurationReference = A931C626B481AC49F38AE364 /* Pods-CURent.debug.xcconfig */;
			buildSettings = {
				ASSETCATALOG_COMPILER_APPICON_NAME = AppIcon;
				CODE_SIGN_STYLE = Automatic;
				DEVELOPMENT_TEAM = Q39NW5M7GW;
				INFOPLIST_FILE = CURent/Info.plist;
				LD_RUNPATH_SEARCH_PATHS = (
					"$(inherited)",
					"@executable_path/Frameworks",
				);
				PRODUCT_BUNDLE_IDENTIFIER = com.curent.CURent;
				PRODUCT_NAME = "$(TARGET_NAME)";
				SWIFT_VERSION = 4.0;
				TARGETED_DEVICE_FAMILY = "1,2";
			};
			name = Debug;
		};
		203CCF3B2091236700616EF2 /* Release */ = {
			isa = XCBuildConfiguration;
			baseConfigurationReference = 995C42D1ACC622DF0BD95724 /* Pods-CURent.release.xcconfig */;
			buildSettings = {
				ASSETCATALOG_COMPILER_APPICON_NAME = AppIcon;
				CODE_SIGN_STYLE = Automatic;
				DEVELOPMENT_TEAM = Q39NW5M7GW;
				INFOPLIST_FILE = CURent/Info.plist;
				LD_RUNPATH_SEARCH_PATHS = (
					"$(inherited)",
					"@executable_path/Frameworks",
				);
				PRODUCT_BUNDLE_IDENTIFIER = com.curent.CURent;
				PRODUCT_NAME = "$(TARGET_NAME)";
				SWIFT_VERSION = 4.0;
				TARGETED_DEVICE_FAMILY = "1,2";
			};
			name = Release;
		};
/* End XCBuildConfiguration section */

/* Begin XCConfigurationList section */
		203CCF1F2091236500616EF2 /* Build configuration list for PBXProject "CURent" */ = {
			isa = XCConfigurationList;
			buildConfigurations = (
				203CCF372091236700616EF2 /* Debug */,
				203CCF382091236700616EF2 /* Release */,
			);
			defaultConfigurationIsVisible = 0;
			defaultConfigurationName = Release;
		};
		203CCF392091236700616EF2 /* Build configuration list for PBXNativeTarget "CURent" */ = {
			isa = XCConfigurationList;
			buildConfigurations = (
				203CCF3A2091236700616EF2 /* Debug */,
				203CCF3B2091236700616EF2 /* Release */,
			);
			defaultConfigurationIsVisible = 0;
			defaultConfigurationName = Release;
		};
/* End XCConfigurationList section */

/* Begin XCVersionGroup section */
		203CCF2E2091236600616EF2 /* CURent.xcdatamodeld */ = {
			isa = XCVersionGroup;
			children = (
				203CCF2F2091236600616EF2 /* CURent.xcdatamodel */,
			);
			currentVersion = 203CCF2F2091236600616EF2 /* CURent.xcdatamodel */;
			path = CURent.xcdatamodeld;
			sourceTree = "<group>";
			versionGroupType = wrapper.xcdatamodel;
		};
/* End XCVersionGroup section */
	};
	rootObject = 203CCF1C2091236500616EF2 /* Project object */;
}
